
Microsoft Visual Studio Solution File, Format Version 12.00
# Visual Studio Version 17
VisualStudioVersion = 17.9.34902.65
MinimumVisualStudioVersion = 10.0.40219.1
Project("{9A19103F-16F7-4668-BE54-9A1E7A4F7556}") = "7SeptintaUzduotis_VidurinisKintamasis", "7SeptintaUzduotis_\7SeptintaUzduotis_VidurinisKintamasis.csproj", "{1EAFDF4A-AFA8-4C10-8A0D-30679E0C1DED}"
EndProject
Project("{9A19103F-16F7-4668-BE54-9A1E7A4F7556}") = "8AstuntaUzduotis_ArGalimaSudarytiTrikampi", "8AstuntaUzduotis_ArGalimaSudarytiTrikampi\8AstuntaUzduotis_ArGalimaSudarytiTrikampi.csproj", "{61D3BECF-61BA-4F7F-AA42-2C972888B775}"
EndProject
Project("{9A19103F-16F7-4668-BE54-9A1E7A4F7556}") = "9DevintaUzduotis_KiekSpecifiniuElementuBEMASYVO", "9DevintaUzduotis_KiekSpecifiniuElementuBEMASYVO\9DevintaUzduotis_KiekSpecifiniuElementuBEMASYVO.csproj", "{B7473BF8-0FC0-440E-8842-E8803274B162}"
EndProject
Project("{9A19103F-16F7-4668-BE54-9A1E7A4F7556}") = "10DesimtaUzduotis_TeigiamuNeigiamuSkaiciuIsskyrimas", "10DesimtaUzduotis_TeigiamuNeigiamuSkaiciuIsskyrimas\10DesimtaUzduotis_TeigiamuNeigiamuSkaiciuIsskyrimas.csproj", "{CAB488A1-251E-4AE4-B08B-CAC5E9209EB4}"
EndProject
Project("{9A19103F-16F7-4668-BE54-9A1E7A4F7556}") = "11VienuoliktaUzduotis_ZvakiuPirkimas", "11Uzduotis_ZvakiuPirkimas\11VienuoliktaUzduotis_ZvakiuPirkimas.csproj", "{7F0B305D-6BAF-45A2-B8EB-2AC6D8989829}"
EndProject
Project("{9A19103F-16F7-4668-BE54-9A1E7A4F7556}") = "12DvyliktaUzduotis_AritmetinisVidurkis", "12DvyliktaUzduotis_AritmetinisVidurkis\12DvyliktaUzduotis_AritmetinisVidurkis.csproj", "{F765AFDE-357F-4EDA-BC68-BC67A67046E4}"
EndProject
Project("{9A19103F-16F7-4668-BE54-9A1E7A4F7556}") = "13TryliktaUzduotis_Laikrodis", "13TryliktaUzduotis_Laikrodis\13TryliktaUzduotis_Laikrodis.csproj", "{32D415CF-6BCF-4318-9607-0885454387D3}"
EndProject
Project("{9A19103F-16F7-4668-BE54-9A1E7A4F7556}") = "14KeturioliktaUzduotis_MazejanciosReiksmesEiluteje", "14KeturioliktaUzduotis_MazejanciosReiksmesEiluteje\14KeturioliktaUzduotis_MazejanciosReiksmesEiluteje.csproj", "{F44F990E-B01E-4395-A10D-2648520CE998}"
EndProject
Project("{9A19103F-16F7-4668-BE54-9A1E7A4F7556}") = "15PenkioliktaUzduotis_SavaitesDienosPavadinimas", "15PenkiolyktaUzduotis_SavaitesDienosPavadinimas\15PenkioliktaUzduotis_SavaitesDienosPavadinimas.csproj", "{40CD9F54-FB95-4E29-B8E1-56C9B73C7AF6}"
EndProject
Project("{9A19103F-16F7-4668-BE54-9A1E7A4F7556}") = "16SesioliktaUzduotis_IvestuDuomenuAtpazinimas", "16SesioliktaUzduotis_IvestuDuomenuAtpazinimas\16SesioliktaUzduotis_IvestuDuomenuAtpazinimas.csproj", "{4312DC5E-2049-4792-9221-2A55B4E2D57C}"
EndProject
Project("{9A19103F-16F7-4668-BE54-9A1E7A4F7556}") = "1PirmaUzduotis_SveikinimoPrograma", "1PirmaPaskaita\1PirmaUzduotis_SveikinimoPrograma.csproj", "{CFCCE5A9-D018-42B2-B83A-B4965D9C2E82}"
EndProject
Project("{9A19103F-16F7-4668-BE54-9A1E7A4F7556}") = "2AntraUzduotis_AritmetinesOperacijos", "2AntraUzduotis\2AntraUzduotis_AritmetinesOperacijos.csproj", "{DBC28227-14B9-4A33-8384-15AC3969DABD}"
EndProject
Project("{9A19103F-16F7-4668-BE54-9A1E7A4F7556}") = "3TreciaUzduotis_AmziausSkaiciavimas", "3TreciaUzduotis_AmziausSkaiciavimas\3TreciaUzduotis_AmziausSkaiciavimas.csproj", "{48C4F310-8507-452C-97E6-631F70D44881}"
EndProject
Project("{9A19103F-16F7-4668-BE54-9A1E7A4F7556}") = "4KetvirtaUzduotis_TemperaturosKonversija", "4KetvirtaUzduotis_TemperaturosKonversija\4KetvirtaUzduotis_TemperaturosKonversija.csproj", "{E8827884-02A7-458B-972D-55DB115C7C57}"
EndProject
Project("{9A19103F-16F7-4668-BE54-9A1E7A4F7556}") = "5PenktaUzduotis_Prisistatymas", "5PenktaUzduotis_Kintamieji_Ir_Salygos\5PenktaUzduotis_Prisistatymas.csproj", "{76986BD2-15E7-4209-BB66-7530A888710F}"
EndProject
Project("{9A19103F-16F7-4668-BE54-9A1E7A4F7556}") = "6SestaUzduotis_TeigiamasDviejuSkaiciuVidurkis", "6SestaUzduotis_Prisistatymas\6SestaUzduotis_TeigiamasDviejuSkaiciuVidurkis.csproj", "{A2CAF7E2-D72D-4C0E-9041-447E7A600EBF}"
EndProject
Global
	GlobalSection(SolutionConfigurationPlatforms) = preSolution
		Debug|Any CPU = Debug|Any CPU
		Release|Any CPU = Release|Any CPU
	EndGlobalSection
	GlobalSection(ProjectConfigurationPlatforms) = postSolution
		{1EAFDF4A-AFA8-4C10-8A0D-30679E0C1DED}.Debug|Any CPU.ActiveCfg = Debug|Any CPU
		{1EAFDF4A-AFA8-4C10-8A0D-30679E0C1DED}.Debug|Any CPU.Build.0 = Debug|Any CPU
		{1EAFDF4A-AFA8-4C10-8A0D-30679E0C1DED}.Release|Any CPU.ActiveCfg = Release|Any CPU
		{1EAFDF4A-AFA8-4C10-8A0D-30679E0C1DED}.Release|Any CPU.Build.0 = Release|Any CPU
		{61D3BECF-61BA-4F7F-AA42-2C972888B775}.Debug|Any CPU.ActiveCfg = Debug|Any CPU
		{61D3BECF-61BA-4F7F-AA42-2C972888B775}.Debug|Any CPU.Build.0 = Debug|Any CPU
		{61D3BECF-61BA-4F7F-AA42-2C972888B775}.Release|Any CPU.ActiveCfg = Release|Any CPU
		{61D3BECF-61BA-4F7F-AA42-2C972888B775}.Release|Any CPU.Build.0 = Release|Any CPU
		{B7473BF8-0FC0-440E-8842-E8803274B162}.Debug|Any CPU.ActiveCfg = Debug|Any CPU
		{B7473BF8-0FC0-440E-8842-E8803274B162}.Debug|Any CPU.Build.0 = Debug|Any CPU
		{B7473BF8-0FC0-440E-8842-E8803274B162}.Release|Any CPU.ActiveCfg = Release|Any CPU
		{B7473BF8-0FC0-440E-8842-E8803274B162}.Release|Any CPU.Build.0 = Release|Any CPU
		{CAB488A1-251E-4AE4-B08B-CAC5E9209EB4}.Debug|Any CPU.ActiveCfg = Debug|Any CPU
		{CAB488A1-251E-4AE4-B08B-CAC5E9209EB4}.Debug|Any CPU.Build.0 = Debug|Any CPU
		{CAB488A1-251E-4AE4-B08B-CAC5E9209EB4}.Release|Any CPU.ActiveCfg = Release|Any CPU
		{CAB488A1-251E-4AE4-B08B-CAC5E9209EB4}.Release|Any CPU.Build.0 = Release|Any CPU
		{7F0B305D-6BAF-45A2-B8EB-2AC6D8989829}.Debug|Any CPU.ActiveCfg = Debug|Any CPU
		{7F0B305D-6BAF-45A2-B8EB-2AC6D8989829}.Debug|Any CPU.Build.0 = Debug|Any CPU
		{7F0B305D-6BAF-45A2-B8EB-2AC6D8989829}.Release|Any CPU.ActiveCfg = Release|Any CPU
		{7F0B305D-6BAF-45A2-B8EB-2AC6D8989829}.Release|Any CPU.Build.0 = Release|Any CPU
		{F765AFDE-357F-4EDA-BC68-BC67A67046E4}.Debug|Any CPU.ActiveCfg = Debug|Any CPU
		{F765AFDE-357F-4EDA-BC68-BC67A67046E4}.Debug|Any CPU.Build.0 = Debug|Any CPU
		{F765AFDE-357F-4EDA-BC68-BC67A67046E4}.Release|Any CPU.ActiveCfg = Release|Any CPU
		{F765AFDE-357F-4EDA-BC68-BC67A67046E4}.Release|Any CPU.Build.0 = Release|Any CPU
		{32D415CF-6BCF-4318-9607-0885454387D3}.Debug|Any CPU.ActiveCfg = Debug|Any CPU
		{32D415CF-6BCF-4318-9607-0885454387D3}.Debug|Any CPU.Build.0 = Debug|Any CPU
		{32D415CF-6BCF-4318-9607-0885454387D3}.Release|Any CPU.ActiveCfg = Release|Any CPU
		{32D415CF-6BCF-4318-9607-0885454387D3}.Release|Any CPU.Build.0 = Release|Any CPU
		{F44F990E-B01E-4395-A10D-2648520CE998}.Debug|Any CPU.ActiveCfg = Debug|Any CPU
		{F44F990E-B01E-4395-A10D-2648520CE998}.Debug|Any CPU.Build.0 = Debug|Any CPU
		{F44F990E-B01E-4395-A10D-2648520CE998}.Release|Any CPU.ActiveCfg = Release|Any CPU
		{F44F990E-B01E-4395-A10D-2648520CE998}.Release|Any CPU.Build.0 = Release|Any CPU
		{40CD9F54-FB95-4E29-B8E1-56C9B73C7AF6}.Debug|Any CPU.ActiveCfg = Debug|Any CPU
		{40CD9F54-FB95-4E29-B8E1-56C9B73C7AF6}.Debug|Any CPU.Build.0 = Debug|Any CPU
		{40CD9F54-FB95-4E29-B8E1-56C9B73C7AF6}.Release|Any CPU.ActiveCfg = Release|Any CPU
		{40CD9F54-FB95-4E29-B8E1-56C9B73C7AF6}.Release|Any CPU.Build.0 = Release|Any CPU
		{4312DC5E-2049-4792-9221-2A55B4E2D57C}.Debug|Any CPU.ActiveCfg = Debug|Any CPU
		{4312DC5E-2049-4792-9221-2A55B4E2D57C}.Debug|Any CPU.Build.0 = Debug|Any CPU
		{4312DC5E-2049-4792-9221-2A55B4E2D57C}.Release|Any CPU.ActiveCfg = Release|Any CPU
		{4312DC5E-2049-4792-9221-2A55B4E2D57C}.Release|Any CPU.Build.0 = Release|Any CPU
		{CFCCE5A9-D018-42B2-B83A-B4965D9C2E82}.Debug|Any CPU.ActiveCfg = Debug|Any CPU
		{CFCCE5A9-D018-42B2-B83A-B4965D9C2E82}.Debug|Any CPU.Build.0 = Debug|Any CPU
		{CFCCE5A9-D018-42B2-B83A-B4965D9C2E82}.Release|Any CPU.ActiveCfg = Release|Any CPU
		{CFCCE5A9-D018-42B2-B83A-B4965D9C2E82}.Release|Any CPU.Build.0 = Release|Any CPU
		{DBC28227-14B9-4A33-8384-15AC3969DABD}.Debug|Any CPU.ActiveCfg = Debug|Any CPU
		{DBC28227-14B9-4A33-8384-15AC3969DABD}.Debug|Any CPU.Build.0 = Debug|Any CPU
		{DBC28227-14B9-4A33-8384-15AC3969DABD}.Release|Any CPU.ActiveCfg = Release|Any CPU
		{DBC28227-14B9-4A33-8384-15AC3969DABD}.Release|Any CPU.Build.0 = Release|Any CPU
		{48C4F310-8507-452C-97E6-631F70D44881}.Debug|Any CPU.ActiveCfg = Debug|Any CPU
		{48C4F310-8507-452C-97E6-631F70D44881}.Debug|Any CPU.Build.0 = Debug|Any CPU
		{48C4F310-8507-452C-97E6-631F70D44881}.Release|Any CPU.ActiveCfg = Release|Any CPU
		{48C4F310-8507-452C-97E6-631F70D44881}.Release|Any CPU.Build.0 = Release|Any CPU
		{E8827884-02A7-458B-972D-55DB115C7C57}.Debug|Any CPU.ActiveCfg = Debug|Any CPU
		{E8827884-02A7-458B-972D-55DB115C7C57}.Debug|Any CPU.Build.0 = Debug|Any CPU
		{E8827884-02A7-458B-972D-55DB115C7C57}.Release|Any CPU.ActiveCfg = Release|Any CPU
		{E8827884-02A7-458B-972D-55DB115C7C57}.Release|Any CPU.Build.0 = Release|Any CPU
		{76986BD2-15E7-4209-BB66-7530A888710F}.Debug|Any CPU.ActiveCfg = Debug|Any CPU
		{76986BD2-15E7-4209-BB66-7530A888710F}.Debug|Any CPU.Build.0 = Debug|Any CPU
		{76986BD2-15E7-4209-BB66-7530A888710F}.Release|Any CPU.ActiveCfg = Release|Any CPU
		{76986BD2-15E7-4209-BB66-7530A888710F}.Release|Any CPU.Build.0 = Release|Any CPU
		{A2CAF7E2-D72D-4C0E-9041-447E7A600EBF}.Debug|Any CPU.ActiveCfg = Debug|Any CPU
		{A2CAF7E2-D72D-4C0E-9041-447E7A600EBF}.Debug|Any CPU.Build.0 = Debug|Any CPU
		{A2CAF7E2-D72D-4C0E-9041-447E7A600EBF}.Release|Any CPU.ActiveCfg = Release|Any CPU
		{A2CAF7E2-D72D-4C0E-9041-447E7A600EBF}.Release|Any CPU.Build.0 = Release|Any CPU
	EndGlobalSection
	GlobalSection(SolutionProperties) = preSolution
		HideSolutionNode = FALSE
	EndGlobalSection
	GlobalSection(ExtensibilityGlobals) = postSolution
		SolutionGuid = {2C813033-73A5-4C9E-90C4-43B4D3B7C4D0}
	EndGlobalSection
EndGlobal
